
Microsoft Visual Studio Solution File, Format Version 12.00
# Visual Studio Version 17
VisualStudioVersion = 17.3.32708.82
MinimumVisualStudioVersion = 10.0.40219.1
Project("{9A19103F-16F7-4668-BE54-9A1E7A4F7556}") = "DaoLang", "DaoLang\DaoLang.csproj", "{FA1E8E9C-D954-4654-BD79-1A7A69C56B62}"
EndProject
Project("{9A19103F-16F7-4668-BE54-9A1E7A4F7556}") = "DaoLang.SourceGenerators", "DaoLang.SourceGenerators\DaoLang.SourceGenerators.csproj", "{FB97A605-1C33-4D6F-AFA9-D040A335E2F5}"
EndProject
Project("{D954291E-2A0B-460D-934E-DC6B0785DB48}") = "DaoLang.Shared", "DaoLang.Shared\DaoLang.Shared.shproj", "{CF6A33B8-FE57-43A5-AE4D-F530C2903828}"
EndProject
Global
	GlobalSection(SolutionConfigurationPlatforms) = preSolution
		Debug|Any CPU = Debug|Any CPU
		Release|Any CPU = Release|Any CPU
	EndGlobalSection
	GlobalSection(ProjectConfigurationPlatforms) = postSolution
		{FA1E8E9C-D954-4654-BD79-1A7A69C56B62}.Debug|Any CPU.ActiveCfg = Debug|Any CPU
		{FA1E8E9C-D954-4654-BD79-1A7A69C56B62}.Debug|Any CPU.Build.0 = Debug|Any CPU
		{FA1E8E9C-D954-4654-BD79-1A7A69C56B62}.Release|Any CPU.ActiveCfg = Release|Any CPU
		{FA1E8E9C-D954-4654-BD79-1A7A69C56B62}.Release|Any CPU.Build.0 = Release|Any CPU
		{FB97A605-1C33-4D6F-AFA9-D040A335E2F5}.Debug|Any CPU.ActiveCfg = Debug|Any CPU
		{FB97A605-1C33-4D6F-AFA9-D040A335E2F5}.Debug|Any CPU.Build.0 = Debug|Any CPU
		{FB97A605-1C33-4D6F-AFA9-D040A335E2F5}.Release|Any CPU.ActiveCfg = Release|Any CPU
		{FB97A605-1C33-4D6F-AFA9-D040A335E2F5}.Release|Any CPU.Build.0 = Release|Any CPU
	EndGlobalSection
	GlobalSection(SolutionProperties) = preSolution
		HideSolutionNode = FALSE
	EndGlobalSection
	GlobalSection(ExtensibilityGlobals) = postSolution
		SolutionGuid = {8B7211B6-3A1E-4F5B-944E-9EC33B2B6347}
	EndGlobalSection
	GlobalSection(SharedMSBuildProjectFiles) = preSolution
		DaoLang.Shared\DaoLang.Shared.projitems*{cf6a33b8-fe57-43a5-ae4d-f530c2903828}*SharedItemsImports = 13
		DaoLang.Shared\DaoLang.Shared.projitems*{fa1e8e9c-d954-4654-bd79-1a7a69c56b62}*SharedItemsImports = 5
	EndGlobalSection
EndGlobal
