
Microsoft Visual Studio Solution File, Format Version 12.00
# Visual Studio Version 17
VisualStudioVersion = 17.3.32708.82
MinimumVisualStudioVersion = 10.0.40219.1
Project("{D954291E-2A0B-460D-934E-DC6B0785DB48}") = "DaoLang.Shared", "DaoLang.Shared\DaoLang.Shared.shproj", "{CF6A33B8-FE57-43A5-AE4D-F530C2903828}"
EndProject
Project("{D954291E-2A0B-460D-934E-DC6B0785DB48}") = "DaoLang.Base", "DaoLang.Base\DaoLang.Base.shproj", "{FBF02EB9-39E0-4D45-B76A-58EEC2BD7A5D}"
EndProject
Project("{9A19103F-16F7-4668-BE54-9A1E7A4F7556}") = "DaoLang.WPF", "DaoLang.WPF\DaoLang.WPF.csproj", "{CFA65079-241C-46B8-BAF4-6C7DAE5399FE}"
EndProject
Project("{9A19103F-16F7-4668-BE54-9A1E7A4F7556}") = "DaoLang.SourceGeneration", "DaoLang.SourceGeneration\DaoLang.SourceGeneration.csproj", "{6D1899CD-5047-4D36-9AE2-9A41C630C6E5}"
EndProject
Project("{2150E333-8FDC-42A3-9474-1A3956D46DE8}") = "Samples", "Samples", "{32F35C12-868D-4F74-A659-80F2A32AAB69}"
EndProject
Project("{9A19103F-16F7-4668-BE54-9A1E7A4F7556}") = "DaoLang.WPF.Sample", "Samples\DaoLang.WPF.Sample\DaoLang.WPF.Sample.csproj", "{3F7AFB16-52BB-47E4-979D-6568B2A77A33}"
EndProject
Project("{9A19103F-16F7-4668-BE54-9A1E7A4F7556}") = "DaoLang.WinUI3", "DaoLang.WinUI3\DaoLang.WinUI3.csproj", "{39E64A4F-9323-48A8-816E-A88195166430}"
EndProject
Project("{FAE04EC0-301F-11D3-BF4B-00C04F79EFBC}") = "DaoLang.WinUI3.Sample", "DaoLang.WinUI3.Sample\DaoLang.WinUI3.Sample.csproj", "{AA70DA87-D904-4F54-821B-570F3B595C1E}"
EndProject
Global
	GlobalSection(SolutionConfigurationPlatforms) = preSolution
		Debug|Any CPU = Debug|Any CPU
		Debug|ARM64 = Debug|ARM64
		Debug|x64 = Debug|x64
		Debug|x86 = Debug|x86
		Release|Any CPU = Release|Any CPU
		Release|ARM64 = Release|ARM64
		Release|x64 = Release|x64
		Release|x86 = Release|x86
	EndGlobalSection
	GlobalSection(ProjectConfigurationPlatforms) = postSolution
		{CFA65079-241C-46B8-BAF4-6C7DAE5399FE}.Debug|Any CPU.ActiveCfg = Debug|Any CPU
		{CFA65079-241C-46B8-BAF4-6C7DAE5399FE}.Debug|Any CPU.Build.0 = Debug|Any CPU
		{CFA65079-241C-46B8-BAF4-6C7DAE5399FE}.Debug|ARM64.ActiveCfg = Debug|Any CPU
		{CFA65079-241C-46B8-BAF4-6C7DAE5399FE}.Debug|ARM64.Build.0 = Debug|Any CPU
		{CFA65079-241C-46B8-BAF4-6C7DAE5399FE}.Debug|x64.ActiveCfg = Debug|Any CPU
		{CFA65079-241C-46B8-BAF4-6C7DAE5399FE}.Debug|x64.Build.0 = Debug|Any CPU
		{CFA65079-241C-46B8-BAF4-6C7DAE5399FE}.Debug|x86.ActiveCfg = Debug|Any CPU
		{CFA65079-241C-46B8-BAF4-6C7DAE5399FE}.Debug|x86.Build.0 = Debug|Any CPU
		{CFA65079-241C-46B8-BAF4-6C7DAE5399FE}.Release|Any CPU.ActiveCfg = Release|Any CPU
		{CFA65079-241C-46B8-BAF4-6C7DAE5399FE}.Release|Any CPU.Build.0 = Release|Any CPU
		{CFA65079-241C-46B8-BAF4-6C7DAE5399FE}.Release|ARM64.ActiveCfg = Release|Any CPU
		{CFA65079-241C-46B8-BAF4-6C7DAE5399FE}.Release|ARM64.Build.0 = Release|Any CPU
		{CFA65079-241C-46B8-BAF4-6C7DAE5399FE}.Release|x64.ActiveCfg = Release|Any CPU
		{CFA65079-241C-46B8-BAF4-6C7DAE5399FE}.Release|x64.Build.0 = Release|Any CPU
		{CFA65079-241C-46B8-BAF4-6C7DAE5399FE}.Release|x86.ActiveCfg = Release|Any CPU
		{CFA65079-241C-46B8-BAF4-6C7DAE5399FE}.Release|x86.Build.0 = Release|Any CPU
		{6D1899CD-5047-4D36-9AE2-9A41C630C6E5}.Debug|Any CPU.ActiveCfg = Debug|Any CPU
		{6D1899CD-5047-4D36-9AE2-9A41C630C6E5}.Debug|Any CPU.Build.0 = Debug|Any CPU
		{6D1899CD-5047-4D36-9AE2-9A41C630C6E5}.Debug|ARM64.ActiveCfg = Debug|Any CPU
		{6D1899CD-5047-4D36-9AE2-9A41C630C6E5}.Debug|ARM64.Build.0 = Debug|Any CPU
		{6D1899CD-5047-4D36-9AE2-9A41C630C6E5}.Debug|x64.ActiveCfg = Debug|Any CPU
		{6D1899CD-5047-4D36-9AE2-9A41C630C6E5}.Debug|x64.Build.0 = Debug|Any CPU
		{6D1899CD-5047-4D36-9AE2-9A41C630C6E5}.Debug|x86.ActiveCfg = Debug|Any CPU
		{6D1899CD-5047-4D36-9AE2-9A41C630C6E5}.Debug|x86.Build.0 = Debug|Any CPU
		{6D1899CD-5047-4D36-9AE2-9A41C630C6E5}.Release|Any CPU.ActiveCfg = Release|Any CPU
		{6D1899CD-5047-4D36-9AE2-9A41C630C6E5}.Release|Any CPU.Build.0 = Release|Any CPU
		{6D1899CD-5047-4D36-9AE2-9A41C630C6E5}.Release|ARM64.ActiveCfg = Release|Any CPU
		{6D1899CD-5047-4D36-9AE2-9A41C630C6E5}.Release|ARM64.Build.0 = Release|Any CPU
		{6D1899CD-5047-4D36-9AE2-9A41C630C6E5}.Release|x64.ActiveCfg = Release|Any CPU
		{6D1899CD-5047-4D36-9AE2-9A41C630C6E5}.Release|x64.Build.0 = Release|Any CPU
		{6D1899CD-5047-4D36-9AE2-9A41C630C6E5}.Release|x86.ActiveCfg = Release|Any CPU
		{6D1899CD-5047-4D36-9AE2-9A41C630C6E5}.Release|x86.Build.0 = Release|Any CPU
		{3F7AFB16-52BB-47E4-979D-6568B2A77A33}.Debug|Any CPU.ActiveCfg = Debug|Any CPU
		{3F7AFB16-52BB-47E4-979D-6568B2A77A33}.Debug|Any CPU.Build.0 = Debug|Any CPU
		{3F7AFB16-52BB-47E4-979D-6568B2A77A33}.Debug|ARM64.ActiveCfg = Debug|Any CPU
		{3F7AFB16-52BB-47E4-979D-6568B2A77A33}.Debug|ARM64.Build.0 = Debug|Any CPU
		{3F7AFB16-52BB-47E4-979D-6568B2A77A33}.Debug|x64.ActiveCfg = Debug|Any CPU
		{3F7AFB16-52BB-47E4-979D-6568B2A77A33}.Debug|x64.Build.0 = Debug|Any CPU
		{3F7AFB16-52BB-47E4-979D-6568B2A77A33}.Debug|x86.ActiveCfg = Debug|Any CPU
		{3F7AFB16-52BB-47E4-979D-6568B2A77A33}.Debug|x86.Build.0 = Debug|Any CPU
		{3F7AFB16-52BB-47E4-979D-6568B2A77A33}.Release|Any CPU.ActiveCfg = Release|Any CPU
		{3F7AFB16-52BB-47E4-979D-6568B2A77A33}.Release|Any CPU.Build.0 = Release|Any CPU
		{3F7AFB16-52BB-47E4-979D-6568B2A77A33}.Release|ARM64.ActiveCfg = Release|Any CPU
		{3F7AFB16-52BB-47E4-979D-6568B2A77A33}.Release|ARM64.Build.0 = Release|Any CPU
		{3F7AFB16-52BB-47E4-979D-6568B2A77A33}.Release|x64.ActiveCfg = Release|Any CPU
		{3F7AFB16-52BB-47E4-979D-6568B2A77A33}.Release|x64.Build.0 = Release|Any CPU
		{3F7AFB16-52BB-47E4-979D-6568B2A77A33}.Release|x86.ActiveCfg = Release|Any CPU
		{3F7AFB16-52BB-47E4-979D-6568B2A77A33}.Release|x86.Build.0 = Release|Any CPU
		{39E64A4F-9323-48A8-816E-A88195166430}.Debug|Any CPU.ActiveCfg = Debug|Any CPU
		{39E64A4F-9323-48A8-816E-A88195166430}.Debug|Any CPU.Build.0 = Debug|Any CPU
		{39E64A4F-9323-48A8-816E-A88195166430}.Debug|ARM64.ActiveCfg = Debug|Any CPU
		{39E64A4F-9323-48A8-816E-A88195166430}.Debug|ARM64.Build.0 = Debug|Any CPU
		{39E64A4F-9323-48A8-816E-A88195166430}.Debug|x64.ActiveCfg = Debug|Any CPU
		{39E64A4F-9323-48A8-816E-A88195166430}.Debug|x64.Build.0 = Debug|Any CPU
		{39E64A4F-9323-48A8-816E-A88195166430}.Debug|x86.ActiveCfg = Debug|Any CPU
		{39E64A4F-9323-48A8-816E-A88195166430}.Debug|x86.Build.0 = Debug|Any CPU
		{39E64A4F-9323-48A8-816E-A88195166430}.Release|Any CPU.ActiveCfg = Release|Any CPU
		{39E64A4F-9323-48A8-816E-A88195166430}.Release|Any CPU.Build.0 = Release|Any CPU
		{39E64A4F-9323-48A8-816E-A88195166430}.Release|ARM64.ActiveCfg = Release|Any CPU
		{39E64A4F-9323-48A8-816E-A88195166430}.Release|ARM64.Build.0 = Release|Any CPU
		{39E64A4F-9323-48A8-816E-A88195166430}.Release|x64.ActiveCfg = Release|Any CPU
		{39E64A4F-9323-48A8-816E-A88195166430}.Release|x64.Build.0 = Release|Any CPU
		{39E64A4F-9323-48A8-816E-A88195166430}.Release|x86.ActiveCfg = Release|Any CPU
		{39E64A4F-9323-48A8-816E-A88195166430}.Release|x86.Build.0 = Release|Any CPU
		{AA70DA87-D904-4F54-821B-570F3B595C1E}.Debug|Any CPU.ActiveCfg = Debug|x64
		{AA70DA87-D904-4F54-821B-570F3B595C1E}.Debug|Any CPU.Build.0 = Debug|x64
		{AA70DA87-D904-4F54-821B-570F3B595C1E}.Debug|Any CPU.Deploy.0 = Debug|x64
		{AA70DA87-D904-4F54-821B-570F3B595C1E}.Debug|ARM64.ActiveCfg = Debug|ARM64
		{AA70DA87-D904-4F54-821B-570F3B595C1E}.Debug|ARM64.Build.0 = Debug|ARM64
		{AA70DA87-D904-4F54-821B-570F3B595C1E}.Debug|ARM64.Deploy.0 = Debug|ARM64
		{AA70DA87-D904-4F54-821B-570F3B595C1E}.Debug|x64.ActiveCfg = Debug|x64
		{AA70DA87-D904-4F54-821B-570F3B595C1E}.Debug|x64.Build.0 = Debug|x64
		{AA70DA87-D904-4F54-821B-570F3B595C1E}.Debug|x64.Deploy.0 = Debug|x64
		{AA70DA87-D904-4F54-821B-570F3B595C1E}.Debug|x86.ActiveCfg = Debug|x86
		{AA70DA87-D904-4F54-821B-570F3B595C1E}.Debug|x86.Build.0 = Debug|x86
		{AA70DA87-D904-4F54-821B-570F3B595C1E}.Debug|x86.Deploy.0 = Debug|x86
		{AA70DA87-D904-4F54-821B-570F3B595C1E}.Release|Any CPU.ActiveCfg = Release|x64
		{AA70DA87-D904-4F54-821B-570F3B595C1E}.Release|Any CPU.Build.0 = Release|x64
		{AA70DA87-D904-4F54-821B-570F3B595C1E}.Release|Any CPU.Deploy.0 = Release|x64
		{AA70DA87-D904-4F54-821B-570F3B595C1E}.Release|ARM64.ActiveCfg = Release|ARM64
		{AA70DA87-D904-4F54-821B-570F3B595C1E}.Release|ARM64.Build.0 = Release|ARM64
		{AA70DA87-D904-4F54-821B-570F3B595C1E}.Release|ARM64.Deploy.0 = Release|ARM64
		{AA70DA87-D904-4F54-821B-570F3B595C1E}.Release|x64.ActiveCfg = Release|x64
		{AA70DA87-D904-4F54-821B-570F3B595C1E}.Release|x64.Build.0 = Release|x64
		{AA70DA87-D904-4F54-821B-570F3B595C1E}.Release|x64.Deploy.0 = Release|x64
		{AA70DA87-D904-4F54-821B-570F3B595C1E}.Release|x86.ActiveCfg = Release|x86
		{AA70DA87-D904-4F54-821B-570F3B595C1E}.Release|x86.Build.0 = Release|x86
		{AA70DA87-D904-4F54-821B-570F3B595C1E}.Release|x86.Deploy.0 = Release|x86
	EndGlobalSection
	GlobalSection(SolutionProperties) = preSolution
		HideSolutionNode = FALSE
	EndGlobalSection
	GlobalSection(NestedProjects) = preSolution
		{3F7AFB16-52BB-47E4-979D-6568B2A77A33} = {32F35C12-868D-4F74-A659-80F2A32AAB69}
		{AA70DA87-D904-4F54-821B-570F3B595C1E} = {32F35C12-868D-4F74-A659-80F2A32AAB69}
	EndGlobalSection
	GlobalSection(ExtensibilityGlobals) = postSolution
		SolutionGuid = {8B7211B6-3A1E-4F5B-944E-9EC33B2B6347}
	EndGlobalSection
	GlobalSection(SharedMSBuildProjectFiles) = preSolution
		DaoLang.Shared\DaoLang.Shared.projitems*{39e64a4f-9323-48a8-816e-a88195166430}*SharedItemsImports = 5
		DaoLang.Shared\DaoLang.Shared.projitems*{6d1899cd-5047-4d36-9ae2-9a41c630c6e5}*SharedItemsImports = 5
		DaoLang.Shared\DaoLang.Shared.projitems*{cf6a33b8-fe57-43a5-ae4d-f530c2903828}*SharedItemsImports = 13
		DaoLang.Shared\DaoLang.Shared.projitems*{cfa65079-241c-46b8-baf4-6c7dae5399fe}*SharedItemsImports = 5
		DaoLang.Base\DaoLang.Base.projitems*{fbf02eb9-39e0-4d45-b76a-58eec2bd7a5d}*SharedItemsImports = 13
	EndGlobalSection
EndGlobal
